
Microsoft Visual Studio Solution File, Format Version 12.00
# Visual Studio Version 17
VisualStudioVersion = 17.0.32014.148
MinimumVisualStudioVersion = 10.0.40219.1
Project("{FAE04EC0-301F-11D3-BF4B-00C04F79EFBC}") = "WinFolderApp", "WinFolderApp\WinFolderApp.csproj", "{F60D4F30-A4A0-4681-BE87-7DFFB771F604}"
EndProject
Global
	GlobalSection(SolutionConfigurationPlatforms) = preSolution
		Debug|Any CPU = Debug|Any CPU
		Release|Any CPU = Release|Any CPU
	EndGlobalSection
	GlobalSection(ProjectConfigurationPlatforms) = postSolution
		{F60D4F30-A4A0-4681-BE87-7DFFB771F604}.Debug|Any CPU.ActiveCfg = Debug|Any CPU
		{F60D4F30-A4A0-4681-BE87-7DFFB771F604}.Debug|Any CPU.Build.0 = Debug|Any CPU
		{F60D4F30-A4A0-4681-BE87-7DFFB771F604}.Release|Any CPU.ActiveCfg = Release|Any CPU
		{F60D4F30-A4A0-4681-BE87-7DFFB771F604}.Release|Any CPU.Build.0 = Release|Any CPU
	EndGlobalSection
	GlobalSection(SolutionProperties) = preSolution
		HideSolutionNode = FALSE
	EndGlobalSection
	GlobalSection(ExtensibilityGlobals) = postSolution
		SolutionGuid = {3559E4AD-377C-4A12-8EFB-9EE2B1A91299}
	EndGlobalSection
EndGlobal
